// !$*UTF8*$!
{
	archiveVersion = 1;
	classes = {
	};
	objectVersion = 56;
	objects = {

/* Begin PBXBuildFile section */
		DC27C25A28EB1AFD0042AEFE /* RequestApp.swift in Sources */ = {isa = PBXBuildFile; fileRef = DC27C25928EB1AFD0042AEFE /* RequestApp.swift */; };
		DC27C25C28EB1AFD0042AEFE /* ContentView.swift in Sources */ = {isa = PBXBuildFile; fileRef = DC27C25B28EB1AFD0042AEFE /* ContentView.swift */; };
		DC27C25E28EB1AFF0042AEFE /* Assets.xcassets in Resources */ = {isa = PBXBuildFile; fileRef = DC27C25D28EB1AFF0042AEFE /* Assets.xcassets */; };
		DC27C26128EB1AFF0042AEFE /* Preview Assets.xcassets in Resources */ = {isa = PBXBuildFile; fileRef = DC27C26028EB1AFF0042AEFE /* Preview Assets.xcassets */; };
/* End PBXBuildFile section */

/* Begin PBXContainerItemProxy section */
		DC27C26728EB1AFF0042AEFE /* PBXContainerItemProxy */ = {
			isa = PBXContainerItemProxy;
			containerPortal = DC27C24E28EB1AFD0042AEFE /* Project object */;
			proxyType = 1;
			remoteGlobalIDString = DC27C25528EB1AFD0042AEFE;
			remoteInfo = Request;
		};
		DC27C27128EB1AFF0042AEFE /* PBXContainerItemProxy */ = {
			isa = PBXContainerItemProxy;
			containerPortal = DC27C24E28EB1AFD0042AEFE /* Project object */;
			proxyType = 1;
			remoteGlobalIDString = DC27C25528EB1AFD0042AEFE;
			remoteInfo = Request;
		};
/* End PBXContainerItemProxy section */

/* Begin PBXFileReference section */
		DC27C25628EB1AFD0042AEFE /* Request.app */ = {isa = PBXFileReference; explicitFileType = wrapper.application; includeInIndex = 0; path = Request.app; sourceTree = BUILT_PRODUCTS_DIR; };
		DC27C25928EB1AFD0042AEFE /* RequestApp.swift */ = {isa = PBXFileReference; lastKnownFileType = sourcecode.swift; path = RequestApp.swift; sourceTree = "<group>"; };
		DC27C25B28EB1AFD0042AEFE /* ContentView.swift */ = {isa = PBXFileReference; lastKnownFileType = sourcecode.swift; path = ContentView.swift; sourceTree = "<group>"; };
		DC27C25D28EB1AFF0042AEFE /* Assets.xcassets */ = {isa = PBXFileReference; lastKnownFileType = folder.assetcatalog; path = Assets.xcassets; sourceTree = "<group>"; };
		DC27C26028EB1AFF0042AEFE /* Preview Assets.xcassets */ = {isa = PBXFileReference; lastKnownFileType = folder.assetcatalog; path = "Preview Assets.xcassets"; sourceTree = "<group>"; };
		DC27C26628EB1AFF0042AEFE /* RequestTests.xctest */ = {isa = PBXFileReference; explicitFileType = wrapper.cfbundle; includeInIndex = 0; path = RequestTests.xctest; sourceTree = BUILT_PRODUCTS_DIR; };
		DC27C27028EB1AFF0042AEFE /* RequestUITests.xctest */ = {isa = PBXFileReference; explicitFileType = wrapper.cfbundle; includeInIndex = 0; path = RequestUITests.xctest; sourceTree = BUILT_PRODUCTS_DIR; };
/* End PBXFileReference section */

/* Begin PBXFrameworksBuildPhase section */
		DC27C25328EB1AFD0042AEFE /* Frameworks */ = {
			isa = PBXFrameworksBuildPhase;
			buildActionMask = 2147483647;
			files = (
			);
			runOnlyForDeploymentPostprocessing = 0;
		};
		DC27C26328EB1AFF0042AEFE /* Frameworks */ = {
			isa = PBXFrameworksBuildPhase;
			buildActionMask = 2147483647;
			files = (
			);
			runOnlyForDeploymentPostprocessing = 0;
		};
		DC27C26D28EB1AFF0042AEFE /* Frameworks */ = {
			isa = PBXFrameworksBuildPhase;
			buildActionMask = 2147483647;
			files = (
			);
			runOnlyForDeploymentPostprocessing = 0;
		};
/* End PBXFrameworksBuildPhase section */

/* Begin PBXGroup section */
		DC27C24D28EB1AFD0042AEFE = {
			isa = PBXGroup;
			children = (
				DC27C25828EB1AFD0042AEFE /* Request */,
				DC27C25728EB1AFD0042AEFE /* Products */,
			);
			sourceTree = "<group>";
		};
		DC27C25728EB1AFD0042AEFE /* Products */ = {
			isa = PBXGroup;
			children = (
				DC27C25628EB1AFD0042AEFE /* Request.app */,
				DC27C26628EB1AFF0042AEFE /* RequestTests.xctest */,
				DC27C27028EB1AFF0042AEFE /* RequestUITests.xctest */,
			);
			name = Products;
			sourceTree = "<group>";
		};
		DC27C25828EB1AFD0042AEFE /* Request */ = {
			isa = PBXGroup;
			children = (
				DC27C25928EB1AFD0042AEFE /* RequestApp.swift */,
				DC27C25B28EB1AFD0042AEFE /* ContentView.swift */,
				DC27C25D28EB1AFF0042AEFE /* Assets.xcassets */,
				DC27C25F28EB1AFF0042AEFE /* Preview Content */,
			);
			path = Request;
			sourceTree = "<group>";
		};
		DC27C25F28EB1AFF0042AEFE /* Preview Content */ = {
			isa = PBXGroup;
			children = (
				DC27C26028EB1AFF0042AEFE /* Preview Assets.xcassets */,
			);
			path = "Preview Content";
			sourceTree = "<group>";
		};
/* End PBXGroup section */

/* Begin PBXNativeTarget section */
		DC27C25528EB1AFD0042AEFE /* Request */ = {
			isa = PBXNativeTarget;
			buildConfigurationList = DC27C27A28EB1AFF0042AEFE /* Build configuration list for PBXNativeTarget "Request" */;
			buildPhases = (
				DC27C25228EB1AFD0042AEFE /* Sources */,
				DC27C25328EB1AFD0042AEFE /* Frameworks */,
				DC27C25428EB1AFD0042AEFE /* Resources */,
			);
			buildRules = (
			);
			dependencies = (
			);
			name = Request;
			productName = Request;
			productReference = DC27C25628EB1AFD0042AEFE /* Request.app */;
			productType = "com.apple.product-type.application";
		};
		DC27C26528EB1AFF0042AEFE /* RequestTests */ = {
			isa = PBXNativeTarget;
			buildConfigurationList = DC27C27D28EB1AFF0042AEFE /* Build configuration list for PBXNativeTarget "RequestTests" */;
			buildPhases = (
				DC27C26228EB1AFF0042AEFE /* Sources */,
				DC27C26328EB1AFF0042AEFE /* Frameworks */,
				DC27C26428EB1AFF0042AEFE /* Resources */,
			);
			buildRules = (
			);
			dependencies = (
				DC27C26828EB1AFF0042AEFE /* PBXTargetDependency */,
			);
			name = RequestTests;
			productName = RequestTests;
			productReference = DC27C26628EB1AFF0042AEFE /* RequestTests.xctest */;
			productType = "com.apple.product-type.bundle.unit-test";
		};
		DC27C26F28EB1AFF0042AEFE /* RequestUITests */ = {
			isa = PBXNativeTarget;
			buildConfigurationList = DC27C28028EB1AFF0042AEFE /* Build configuration list for PBXNativeTarget "RequestUITests" */;
			buildPhases = (
				DC27C26C28EB1AFF0042AEFE /* Sources */,
				DC27C26D28EB1AFF0042AEFE /* Frameworks */,
				DC27C26E28EB1AFF0042AEFE /* Resources */,
			);
			buildRules = (
			);
			dependencies = (
				DC27C27228EB1AFF0042AEFE /* PBXTargetDependency */,
			);
			name = RequestUITests;
			productName = RequestUITests;
			productReference = DC27C27028EB1AFF0042AEFE /* RequestUITests.xctest */;
			productType = "com.apple.product-type.bundle.ui-testing";
		};
/* End PBXNativeTarget section */

/* Begin PBXProject section */
		DC27C24E28EB1AFD0042AEFE /* Project object */ = {
			isa = PBXProject;
			attributes = {
				BuildIndependentTargetsInParallel = 1;
				LastSwiftUpdateCheck = 1400;
				LastUpgradeCheck = 1400;
				TargetAttributes = {
					DC27C25528EB1AFD0042AEFE = {
						CreatedOnToolsVersion = 14.0;
					};
					DC27C26528EB1AFF0042AEFE = {
						CreatedOnToolsVersion = 14.0;
						TestTargetID = DC27C25528EB1AFD0042AEFE;
					};
					DC27C26F28EB1AFF0042AEFE = {
						CreatedOnToolsVersion = 14.0;
						TestTargetID = DC27C25528EB1AFD0042AEFE;
					};
				};
			};
			buildConfigurationList = DC27C25128EB1AFD0042AEFE /* Build configuration list for PBXProject "Request" */;
			compatibilityVersion = "Xcode 14.0";
			developmentRegion = en;
			hasScannedForEncodings = 0;
			knownRegions = (
				en,
				Base,
			);
			mainGroup = DC27C24D28EB1AFD0042AEFE;
			productRefGroup = DC27C25728EB1AFD0042AEFE /* Products */;
			projectDirPath = "";
			projectRoot = "";
			targets = (
				DC27C25528EB1AFD0042AEFE /* Request */,
				DC27C26528EB1AFF0042AEFE /* RequestTests */,
				DC27C26F28EB1AFF0042AEFE /* RequestUITests */,
			);
		};
/* End PBXProject section */

/* Begin PBXResourcesBuildPhase section */
		DC27C25428EB1AFD0042AEFE /* Resources */ = {
			isa = PBXResourcesBuildPhase;
			buildActionMask = 2147483647;
			files = (
				DC27C26128EB1AFF0042AEFE /* Preview Assets.xcassets in Resources */,
				DC27C25E28EB1AFF0042AEFE /* Assets.xcassets in Resources */,
			);
			runOnlyForDeploymentPostprocessing = 0;
		};
		DC27C26428EB1AFF0042AEFE /* Resources */ = {
			isa = PBXResourcesBuildPhase;
			buildActionMask = 2147483647;
			files = (
			);
			runOnlyForDeploymentPostprocessing = 0;
		};
		DC27C26E28EB1AFF0042AEFE /* Resources */ = {
			isa = PBXResourcesBuildPhase;
			buildActionMask = 2147483647;
			files = (
			);
			runOnlyForDeploymentPostprocessing = 0;
		};
/* End PBXResourcesBuildPhase section */

/* Begin PBXSourcesBuildPhase section */
		DC27C25228EB1AFD0042AEFE /* Sources */ = {
			isa = PBXSourcesBuildPhase;
			buildActionMask = 2147483647;
			files = (
				DC27C25C28EB1AFD0042AEFE /* ContentView.swift in Sources */,
				DC27C25A28EB1AFD0042AEFE /* RequestApp.swift in Sources */,
			);
			runOnlyForDeploymentPostprocessing = 0;
		};
		DC27C26228EB1AFF0042AEFE /* Sources */ = {
			isa = PBXSourcesBuildPhase;
			buildActionMask = 2147483647;
			files = (
			);
			runOnlyForDeploymentPostprocessing = 0;
		};
		DC27C26C28EB1AFF0042AEFE /* Sources */ = {
			isa = PBXSourcesBuildPhase;
			buildActionMask = 2147483647;
			files = (
			);
			runOnlyForDeploymentPostprocessing = 0;
		};
/* End PBXSourcesBuildPhase section */

/* Begin PBXTargetDependency section */
		DC27C26828EB1AFF0042AEFE /* PBXTargetDependency */ = {
			isa = PBXTargetDependency;
			target = DC27C25528EB1AFD0042AEFE /* Request */;
			targetProxy = DC27C26728EB1AFF0042AEFE /* PBXContainerItemProxy */;
		};
		DC27C27228EB1AFF0042AEFE /* PBXTargetDependency */ = {
			isa = PBXTargetDependency;
			target = DC27C25528EB1AFD0042AEFE /* Request */;
			targetProxy = DC27C27128EB1AFF0042AEFE /* PBXContainerItemProxy */;
		};
/* End PBXTargetDependency section */

/* Begin XCBuildConfiguration section */
		DC27C27828EB1AFF0042AEFE /* Debug */ = {
			isa = XCBuildConfiguration;
			buildSettings = {
				ALWAYS_SEARCH_USER_PATHS = NO;
				CLANG_ANALYZER_NONNULL = YES;
				CLANG_ANALYZER_NUMBER_OBJECT_CONVERSION = YES_AGGRESSIVE;
				CLANG_CXX_LANGUAGE_STANDARD = "gnu++20";
				CLANG_ENABLE_MODULES = YES;
				CLANG_ENABLE_OBJC_ARC = YES;
				CLANG_ENABLE_OBJC_WEAK = YES;
				CLANG_WARN_BLOCK_CAPTURE_AUTORELEASING = YES;
				CLANG_WARN_BOOL_CONVERSION = YES;
				CLANG_WARN_COMMA = YES;
				CLANG_WARN_CONSTANT_CONVERSION = YES;
				CLANG_WARN_DEPRECATED_OBJC_IMPLEMENTATIONS = YES;
				CLANG_WARN_DIRECT_OBJC_ISA_USAGE = YES_ERROR;
				CLANG_WARN_DOCUMENTATION_COMMENTS = YES;
				CLANG_WARN_EMPTY_BODY = YES;
				CLANG_WARN_ENUM_CONVERSION = YES;
				CLANG_WARN_INFINITE_RECURSION = YES;
				CLANG_WARN_INT_CONVERSION = YES;
				CLANG_WARN_NON_LITERAL_NULL_CONVERSION = YES;
				CLANG_WARN_OBJC_IMPLICIT_RETAIN_SELF = YES;
				CLANG_WARN_OBJC_LITERAL_CONVERSION = YES;
				CLANG_WARN_OBJC_ROOT_CLASS = YES_ERROR;
				CLANG_WARN_QUOTED_INCLUDE_IN_FRAMEWORK_HEADER = YES;
				CLANG_WARN_RANGE_LOOP_ANALYSIS = YES;
				CLANG_WARN_STRICT_PROTOTYPES = YES;
				CLANG_WARN_SUSPICIOUS_MOVE = YES;
				CLANG_WARN_UNGUARDED_AVAILABILITY = YES_AGGRESSIVE;
				CLANG_WARN_UNREACHABLE_CODE = YES;
				CLANG_WARN__DUPLICATE_METHOD_MATCH = YES;
				COPY_PHASE_STRIP = NO;
				DEBUG_INFORMATION_FORMAT = dwarf;
				ENABLE_STRICT_OBJC_MSGSEND = YES;
				ENABLE_TESTABILITY = YES;
				GCC_C_LANGUAGE_STANDARD = gnu11;
				GCC_DYNAMIC_NO_PIC = NO;
				GCC_NO_COMMON_BLOCKS = YES;
				GCC_OPTIMIZATION_LEVEL = 0;
				GCC_PREPROCESSOR_DEFINITIONS = (
					"DEBUG=1",
					"$(inherited)",
				);
				GCC_WARN_64_TO_32_BIT_CONVERSION = YES;
				GCC_WARN_ABOUT_RETURN_TYPE = YES_ERROR;
				GCC_WARN_UNDECLARED_SELECTOR = YES;
				GCC_WARN_UNINITIALIZED_AUTOS = YES_AGGRESSIVE;
				GCC_WARN_UNUSED_FUNCTION = YES;
				GCC_WARN_UNUSED_VARIABLE = YES;
				IPHONEOS_DEPLOYMENT_TARGET = 16.0;
				MTL_ENABLE_DEBUG_INFO = INCLUDE_SOURCE;
				MTL_FAST_MATH = YES;
				ONLY_ACTIVE_ARCH = YES;
				SDKROOT = iphoneos;
				SWIFT_ACTIVE_COMPILATION_CONDITIONS = DEBUG;
				SWIFT_OPTIMIZATION_LEVEL = "-Onone";
			};
			name = Debug;
		};
		DC27C27928EB1AFF0042AEFE /* Release */ = {
			isa = XCBuildConfiguration;
			buildSettings = {
				ALWAYS_SEARCH_USER_PATHS = NO;
				CLANG_ANALYZER_NONNULL = YES;
				CLANG_ANALYZER_NUMBER_OBJECT_CONVERSION = YES_AGGRESSIVE;
				CLANG_CXX_LANGUAGE_STANDARD = "gnu++20";
				CLANG_ENABLE_MODULES = YES;
				CLANG_ENABLE_OBJC_ARC = YES;
				CLANG_ENABLE_OBJC_WEAK = YES;
				CLANG_WARN_BLOCK_CAPTURE_AUTORELEASING = YES;
				CLANG_WARN_BOOL_CONVERSION = YES;
				CLANG_WARN_COMMA = YES;
				CLANG_WARN_CONSTANT_CONVERSION = YES;
				CLANG_WARN_DEPRECATED_OBJC_IMPLEMENTATIONS = YES;
				CLANG_WARN_DIRECT_OBJC_ISA_USAGE = YES_ERROR;
				CLANG_WARN_DOCUMENTATION_COMMENTS = YES;
				CLANG_WARN_EMPTY_BODY = YES;
				CLANG_WARN_ENUM_CONVERSION = YES;
				CLANG_WARN_INFINITE_RECURSION = YES;
				CLANG_WARN_INT_CONVERSION = YES;
				CLANG_WARN_NON_LITERAL_NULL_CONVERSION = YES;
				CLANG_WARN_OBJC_IMPLICIT_RETAIN_SELF = YES;
				CLANG_WARN_OBJC_LITERAL_CONVERSION = YES;
				CLANG_WARN_OBJC_ROOT_CLASS = YES_ERROR;
				CLANG_WARN_QUOTED_INCLUDE_IN_FRAMEWORK_HEADER = YES;
				CLANG_WARN_RANGE_LOOP_ANALYSIS = YES;
				CLANG_WARN_STRICT_PROTOTYPES = YES;
				CLANG_WARN_SUSPICIOUS_MOVE = YES;
				CLANG_WARN_UNGUARDED_AVAILABILITY = YES_AGGRESSIVE;
				CLANG_WARN_UNREACHABLE_CODE = YES;
				CLANG_WARN__DUPLICATE_METHOD_MATCH = YES;
				COPY_PHASE_STRIP = NO;
				DEBUG_INFORMATION_FORMAT = "dwarf-with-dsym";
				ENABLE_NS_ASSERTIONS = NO;
				ENABLE_STRICT_OBJC_MSGSEND = YES;
				GCC_C_LANGUAGE_STANDARD = gnu11;
				GCC_NO_COMMON_BLOCKS = YES;
				GCC_WARN_64_TO_32_BIT_CONVERSION = YES;
				GCC_WARN_ABOUT_RETURN_TYPE = YES_ERROR;
				GCC_WARN_UNDECLARED_SELECTOR = YES;
				GCC_WARN_UNINITIALIZED_AUTOS = YES_AGGRESSIVE;
				GCC_WARN_UNUSED_FUNCTION = YES;
				GCC_WARN_UNUSED_VARIABLE = YES;
				IPHONEOS_DEPLOYMENT_TARGET = 16.0;
				MTL_ENABLE_DEBUG_INFO = NO;
				MTL_FAST_MATH = YES;
				SDKROOT = iphoneos;
				SWIFT_COMPILATION_MODE = wholemodule;
				SWIFT_OPTIMIZATION_LEVEL = "-O";
				VALIDATE_PRODUCT = YES;
			};
			name = Release;
		};
		DC27C27B28EB1AFF0042AEFE /* Debug */ = {
			isa = XCBuildConfiguration;
			buildSettings = {
				ASSETCATALOG_COMPILER_APPICON_NAME = AppIcon;
				ASSETCATALOG_COMPILER_GLOBAL_ACCENT_COLOR_NAME = AccentColor;
				CODE_SIGN_STYLE = Automatic;
				CURRENT_PROJECT_VERSION = 1;
				DEVELOPMENT_ASSET_PATHS = "\"Request/Preview Content\"";
				DEVELOPMENT_TEAM = 5UT89V5WV9;
				ENABLE_PREVIEWS = YES;
				GENERATE_INFOPLIST_FILE = YES;
				INFOPLIST_KEY_UIApplicationSceneManifest_Generation = YES;
				INFOPLIST_KEY_UIApplicationSupportsIndirectInputEvents = YES;
				INFOPLIST_KEY_UILaunchScreen_Generation = YES;
				INFOPLIST_KEY_UISupportedInterfaceOrientations_iPad = "UIInterfaceOrientationPortrait UIInterfaceOrientationPortraitUpsideDown UIInterfaceOrientationLandscapeLeft UIInterfaceOrientationLandscapeRight";
				INFOPLIST_KEY_UISupportedInterfaceOrientations_iPhone = "UIInterfaceOrientationPortrait UIInterfaceOrientationLandscapeLeft UIInterfaceOrientationLandscapeRight";
				LD_RUNPATH_SEARCH_PATHS = (
					"$(inherited)",
					"@executable_path/Frameworks",
				);
				MARKETING_VERSION = 1.0;
				PRODUCT_BUNDLE_IDENTIFIER = myCompany.Request;
				PRODUCT_NAME = "$(TARGET_NAME)";
				SWIFT_EMIT_LOC_STRINGS = YES;
				SWIFT_VERSION = 5.0;
				TARGETED_DEVICE_FAMILY = "1,2";
			};
			name = Debug;
		};
		DC27C27C28EB1AFF0042AEFE /* Release */ = {
			isa = XCBuildConfiguration;
			buildSettings = {
				ASSETCATALOG_COMPILER_APPICON_NAME = AppIcon;
				ASSETCATALOG_COMPILER_GLOBAL_ACCENT_COLOR_NAME = AccentColor;
				CODE_SIGN_STYLE = Automatic;
				CURRENT_PROJECT_VERSION = 1;
				DEVELOPMENT_ASSET_PATHS = "\"Request/Preview Content\"";
				DEVELOPMENT_TEAM = 5UT89V5WV9;
				ENABLE_PREVIEWS = YES;
				GENERATE_INFOPLIST_FILE = YES;
				INFOPLIST_KEY_UIApplicationSceneManifest_Generation = YES;
				INFOPLIST_KEY_UIApplicationSupportsIndirectInputEvents = YES;
				INFOPLIST_KEY_UILaunchScreen_Generation = YES;
				INFOPLIST_KEY_UISupportedInterfaceOrientations_iPad = "UIInterfaceOrientationPortrait UIInterfaceOrientationPortraitUpsideDown UIInterfaceOrientationLandscapeLeft UIInterfaceOrientationLandscapeRight";
				INFOPLIST_KEY_UISupportedInterfaceOrientations_iPhone = "UIInterfaceOrientationPortrait UIInterfaceOrientationLandscapeLeft UIInterfaceOrientationLandscapeRight";
				LD_RUNPATH_SEARCH_PATHS = (
					"$(inherited)",
					"@executable_path/Frameworks",
				);
				MARKETING_VERSION = 1.0;
				PRODUCT_BUNDLE_IDENTIFIER = myCompany.Request;
				PRODUCT_NAME = "$(TARGET_NAME)";
				SWIFT_EMIT_LOC_STRINGS = YES;
				SWIFT_VERSION = 5.0;
				TARGETED_DEVICE_FAMILY = "1,2";
			};
			name = Release;
		};
		DC27C27E28EB1AFF0042AEFE /* Debug */ = {
			isa = XCBuildConfiguration;
			buildSettings = {
				ALWAYS_EMBED_SWIFT_STANDARD_LIBRARIES = YES;
				BUNDLE_LOADER = "$(TEST_HOST)";
				CODE_SIGN_STYLE = Automatic;
				CURRENT_PROJECT_VERSION = 1;
				DEVELOPMENT_TEAM = 5UT89V5WV9;
				GENERATE_INFOPLIST_FILE = YES;
				IPHONEOS_DEPLOYMENT_TARGET = 16.0;
				MARKETING_VERSION = 1.0;
				PRODUCT_BUNDLE_IDENTIFIER = myCompany.RequestTests;
				PRODUCT_NAME = "$(TARGET_NAME)";
				SWIFT_EMIT_LOC_STRINGS = NO;
				SWIFT_VERSION = 5.0;
				TARGETED_DEVICE_FAMILY = "1,2";
				TEST_HOST = "$(BUILT_PRODUCTS_DIR)/Request.app/$(BUNDLE_EXECUTABLE_FOLDER_PATH)/Request";
			};
			name = Debug;
		};
		DC27C27F28EB1AFF0042AEFE /* Release */ = {
			isa = XCBuildConfiguration;
			buildSettings = {
				ALWAYS_EMBED_SWIFT_STANDARD_LIBRARIES = YES;
				BUNDLE_LOADER = "$(TEST_HOST)";
				CODE_SIGN_STYLE = Automatic;
				CURRENT_PROJECT_VERSION = 1;
				DEVELOPMENT_TEAM = 5UT89V5WV9;
				GENERATE_INFOPLIST_FILE = YES;
				IPHONEOS_DEPLOYMENT_TARGET = 16.0;
				MARKETING_VERSION = 1.0;
				PRODUCT_BUNDLE_IDENTIFIER = myCompany.RequestTests;
				PRODUCT_NAME = "$(TARGET_NAME)";
				SWIFT_EMIT_LOC_STRINGS = NO;
				SWIFT_VERSION = 5.0;
				TARGETED_DEVICE_FAMILY = "1,2";
				TEST_HOST = "$(BUILT_PRODUCTS_DIR)/Request.app/$(BUNDLE_EXECUTABLE_FOLDER_PATH)/Request";
			};
			name = Release;
		};
		DC27C28128EB1AFF0042AEFE /* Debug */ = {
			isa = XCBuildConfiguration;
			buildSettings = {
				ALWAYS_EMBED_SWIFT_STANDARD_LIBRARIES = YES;
				CODE_SIGN_STYLE = Automatic;
				CURRENT_PROJECT_VERSION = 1;
				DEVELOPMENT_TEAM = 5UT89V5WV9;
				GENERATE_INFOPLIST_FILE = YES;
				MARKETING_VERSION = 1.0;
				PRODUCT_BUNDLE_IDENTIFIER = myCompany.RequestUITests;
				PRODUCT_NAME = "$(TARGET_NAME)";
				SWIFT_EMIT_LOC_STRINGS = NO;
				SWIFT_VERSION = 5.0;
				TARGETED_DEVICE_FAMILY = "1,2";
				TEST_TARGET_NAME = Request;
			};
			name = Debug;
		};
		DC27C28228EB1AFF0042AEFE /* Release */ = {
			isa = XCBuildConfiguration;
			buildSettings = {
				ALWAYS_EMBED_SWIFT_STANDARD_LIBRARIES = YES;
				CODE_SIGN_STYLE = Automatic;
				CURRENT_PROJECT_VERSION = 1;
				DEVELOPMENT_TEAM = 5UT89V5WV9;
				GENERATE_INFOPLIST_FILE = YES;
				MARKETING_VERSION = 1.0;
				PRODUCT_BUNDLE_IDENTIFIER = myCompany.RequestUITests;
				PRODUCT_NAME = "$(TARGET_NAME)";
				SWIFT_EMIT_LOC_STRINGS = NO;
				SWIFT_VERSION = 5.0;
				TARGETED_DEVICE_FAMILY = "1,2";
				TEST_TARGET_NAME = Request;
			};
			name = Release;
		};
/* End XCBuildConfiguration section */

/* Begin XCConfigurationList section */
		DC27C25128EB1AFD0042AEFE /* Build configuration list for PBXProject "Request" */ = {
			isa = XCConfigurationList;
			buildConfigurations = (
				DC27C27828EB1AFF0042AEFE /* Debug */,
				DC27C27928EB1AFF0042AEFE /* Release */,
			);
			defaultConfigurationIsVisible = 0;
			defaultConfigurationName = Release;
		};
		DC27C27A28EB1AFF0042AEFE /* Build configuration list for PBXNativeTarget "Request" */ = {
			isa = XCConfigurationList;
			buildConfigurations = (
				DC27C27B28EB1AFF0042AEFE /* Debug */,
				DC27C27C28EB1AFF0042AEFE /* Release */,
			);
			defaultConfigurationIsVisible = 0;
			defaultConfigurationName = Release;
		};
		DC27C27D28EB1AFF0042AEFE /* Build configuration list for PBXNativeTarget "RequestTests" */ = {
			isa = XCConfigurationList;
			buildConfigurations = (
				DC27C27E28EB1AFF0042AEFE /* Debug */,
				DC27C27F28EB1AFF0042AEFE /* Release */,
			);
			defaultConfigurationIsVisible = 0;
			defaultConfigurationName = Release;
		};
		DC27C28028EB1AFF0042AEFE /* Build configuration list for PBXNativeTarget "RequestUITests" */ = {
			isa = XCConfigurationList;
			buildConfigurations = (
				DC27C28128EB1AFF0042AEFE /* Debug */,
				DC27C28228EB1AFF0042AEFE /* Release */,
			);
			defaultConfigurationIsVisible = 0;
			defaultConfigurationName = Release;
		};
/* End XCConfigurationList section */
	};
	rootObject = DC27C24E28EB1AFD0042AEFE /* Project object */;
}
